// !$*UTF8*$!
{
	archiveVersion = 1;
	classes = {
	};
	objectVersion = 46;
	objects = {

/* Begin PBXBuildFile section */
		94F659491B9BFB74000B9001 /* AppDelegate.swift in Sources */ = {isa = PBXBuildFile; fileRef = 94F659481B9BFB74000B9001 /* AppDelegate.swift */; };
		94F6594E1B9BFB74000B9001 /* Main.storyboard in Resources */ = {isa = PBXBuildFile; fileRef = 94F6594C1B9BFB74000B9001 /* Main.storyboard */; };
		94F659501B9BFB74000B9001 /* Images.xcassets in Resources */ = {isa = PBXBuildFile; fileRef = 94F6594F1B9BFB74000B9001 /* Images.xcassets */; };
		94F659531B9BFB74000B9001 /* LaunchScreen.xib in Resources */ = {isa = PBXBuildFile; fileRef = 94F659511B9BFB74000B9001 /* LaunchScreen.xib */; };
		94F6595F1B9BFB74000B9001 /* TableViewAnimationTests.swift in Sources */ = {isa = PBXBuildFile; fileRef = 94F6595E1B9BFB74000B9001 /* TableViewAnimationTests.swift */; };
		94F659691B9BFBFA000B9001 /* animationTableViewController.swift in Sources */ = {isa = PBXBuildFile; fileRef = 94F659681B9BFBFA000B9001 /* animationTableViewController.swift */; };
/* End PBXBuildFile section */

/* Begin PBXContainerItemProxy section */
		94F659591B9BFB74000B9001 /* PBXContainerItemProxy */ = {
			isa = PBXContainerItemProxy;
			containerPortal = 94F6593B1B9BFB74000B9001 /* Project object */;
			proxyType = 1;
			remoteGlobalIDString = 94F659421B9BFB74000B9001;
			remoteInfo = TableViewAnimation;
		};
/* End PBXContainerItemProxy section */

/* Begin PBXFileReference section */
		94F659431B9BFB74000B9001 /* TableViewAnimation.app */ = {isa = PBXFileReference; explicitFileType = wrapper.application; includeInIndex = 0; path = TableViewAnimation.app; sourceTree = BUILT_PRODUCTS_DIR; };
		94F659471B9BFB74000B9001 /* Info.plist */ = {isa = PBXFileReference; lastKnownFileType = text.plist.xml; path = Info.plist; sourceTree = "<group>"; };
		94F659481B9BFB74000B9001 /* AppDelegate.swift */ = {isa = PBXFileReference; lastKnownFileType = sourcecode.swift; path = AppDelegate.swift; sourceTree = "<group>"; };
		94F6594D1B9BFB74000B9001 /* Base */ = {isa = PBXFileReference; lastKnownFileType = file.storyboard; name = Base; path = Base.lproj/Main.storyboard; sourceTree = "<group>"; };
		94F6594F1B9BFB74000B9001 /* Images.xcassets */ = {isa = PBXFileReference; lastKnownFileType = folder.assetcatalog; path = Images.xcassets; sourceTree = "<group>"; };
		94F659521B9BFB74000B9001 /* Base */ = {isa = PBXFileReference; lastKnownFileType = file.xib; name = Base; path = Base.lproj/LaunchScreen.xib; sourceTree = "<group>"; };
		94F659581B9BFB74000B9001 /* TableViewAnimationTests.xctest */ = {isa = PBXFileReference; explicitFileType = wrapper.cfbundle; includeInIndex = 0; path = TableViewAnimationTests.xctest; sourceTree = BUILT_PRODUCTS_DIR; };
		94F6595D1B9BFB74000B9001 /* Info.plist */ = {isa = PBXFileReference; lastKnownFileType = text.plist.xml; path = Info.plist; sourceTree = "<group>"; };
		94F6595E1B9BFB74000B9001 /* TableViewAnimationTests.swift */ = {isa = PBXFileReference; lastKnownFileType = sourcecode.swift; path = TableViewAnimationTests.swift; sourceTree = "<group>"; };
		94F659681B9BFBFA000B9001 /* animationTableViewController.swift */ = {isa = PBXFileReference; fileEncoding = 4; lastKnownFileType = sourcecode.swift; path = animationTableViewController.swift; sourceTree = "<group>"; };
/* End PBXFileReference section */

/* Begin PBXFrameworksBuildPhase section */
		94F659401B9BFB74000B9001 /* Frameworks */ = {
			isa = PBXFrameworksBuildPhase;
			buildActionMask = 2147483647;
			files = (
			);
			runOnlyForDeploymentPostprocessing = 0;
		};
		94F659551B9BFB74000B9001 /* Frameworks */ = {
			isa = PBXFrameworksBuildPhase;
			buildActionMask = 2147483647;
			files = (
			);
			runOnlyForDeploymentPostprocessing = 0;
		};
/* End PBXFrameworksBuildPhase section */

/* Begin PBXGroup section */
		94F6593A1B9BFB74000B9001 = {
			isa = PBXGroup;
			children = (
				94F659451B9BFB74000B9001 /* TableViewAnimation */,
				94F6595B1B9BFB74000B9001 /* TableViewAnimationTests */,
				94F659441B9BFB74000B9001 /* Products */,
			);
			sourceTree = "<group>";
		};
		94F659441B9BFB74000B9001 /* Products */ = {
			isa = PBXGroup;
			children = (
				94F659431B9BFB74000B9001 /* TableViewAnimation.app */,
				94F659581B9BFB74000B9001 /* TableViewAnimationTests.xctest */,
			);
			name = Products;
			sourceTree = "<group>";
		};
		94F659451B9BFB74000B9001 /* TableViewAnimation */ = {
			isa = PBXGroup;
			children = (
				94F659481B9BFB74000B9001 /* AppDelegate.swift */,
				94F659681B9BFBFA000B9001 /* animationTableViewController.swift */,
				94F6594C1B9BFB74000B9001 /* Main.storyboard */,
				94F6594F1B9BFB74000B9001 /* Images.xcassets */,
				94F659511B9BFB74000B9001 /* LaunchScreen.xib */,
				94F659461B9BFB74000B9001 /* Supporting Files */,
			);
			path = TableViewAnimation;
			sourceTree = "<group>";
		};
		94F659461B9BFB74000B9001 /* Supporting Files */ = {
			isa = PBXGroup;
			children = (
				94F659471B9BFB74000B9001 /* Info.plist */,
			);
			name = "Supporting Files";
			sourceTree = "<group>";
		};
		94F6595B1B9BFB74000B9001 /* TableViewAnimationTests */ = {
			isa = PBXGroup;
			children = (
				94F6595E1B9BFB74000B9001 /* TableViewAnimationTests.swift */,
				94F6595C1B9BFB74000B9001 /* Supporting Files */,
			);
			path = TableViewAnimationTests;
			sourceTree = "<group>";
		};
		94F6595C1B9BFB74000B9001 /* Supporting Files */ = {
			isa = PBXGroup;
			children = (
				94F6595D1B9BFB74000B9001 /* Info.plist */,
			);
			name = "Supporting Files";
			sourceTree = "<group>";
		};
/* End PBXGroup section */

/* Begin PBXNativeTarget section */
		94F659421B9BFB74000B9001 /* TableViewAnimation */ = {
			isa = PBXNativeTarget;
			buildConfigurationList = 94F659621B9BFB74000B9001 /* Build configuration list for PBXNativeTarget "TableViewAnimation" */;
			buildPhases = (
				94F6593F1B9BFB74000B9001 /* Sources */,
				94F659401B9BFB74000B9001 /* Frameworks */,
				94F659411B9BFB74000B9001 /* Resources */,
			);
			buildRules = (
			);
			dependencies = (
			);
			name = TableViewAnimation;
			productName = TableViewAnimation;
			productReference = 94F659431B9BFB74000B9001 /* TableViewAnimation.app */;
			productType = "com.apple.product-type.application";
		};
		94F659571B9BFB74000B9001 /* TableViewAnimationTests */ = {
			isa = PBXNativeTarget;
			buildConfigurationList = 94F659651B9BFB74000B9001 /* Build configuration list for PBXNativeTarget "TableViewAnimationTests" */;
			buildPhases = (
				94F659541B9BFB74000B9001 /* Sources */,
				94F659551B9BFB74000B9001 /* Frameworks */,
				94F659561B9BFB74000B9001 /* Resources */,
			);
			buildRules = (
			);
			dependencies = (
				94F6595A1B9BFB74000B9001 /* PBXTargetDependency */,
			);
			name = TableViewAnimationTests;
			productName = TableViewAnimationTests;
			productReference = 94F659581B9BFB74000B9001 /* TableViewAnimationTests.xctest */;
			productType = "com.apple.product-type.bundle.unit-test";
		};
/* End PBXNativeTarget section */

/* Begin PBXProject section */
		94F6593B1B9BFB74000B9001 /* Project object */ = {
			isa = PBXProject;
			attributes = {
				LastUpgradeCheck = 0640;
				ORGANIZATIONNAME = "Liu Jingkai";
				TargetAttributes = {
					94F659421B9BFB74000B9001 = {
						CreatedOnToolsVersion = 6.4;
						DevelopmentTeam = E56ATFSAWD;
					};
					94F659571B9BFB74000B9001 = {
						CreatedOnToolsVersion = 6.4;
						TestTargetID = 94F659421B9BFB74000B9001;
					};
				};
			};
			buildConfigurationList = 94F6593E1B9BFB74000B9001 /* Build configuration list for PBXProject "TableViewAnimation" */;
			compatibilityVersion = "Xcode 3.2";
			developmentRegion = English;
			hasScannedForEncodings = 0;
			knownRegions = (
				en,
				Base,
			);
			mainGroup = 94F6593A1B9BFB74000B9001;
			productRefGroup = 94F659441B9BFB74000B9001 /* Products */;
			projectDirPath = "";
			projectRoot = "";
			targets = (
				94F659421B9BFB74000B9001 /* TableViewAnimation */,
				94F659571B9BFB74000B9001 /* TableViewAnimationTests */,
			);
		};
/* End PBXProject section */

/* Begin PBXResourcesBuildPhase section */
		94F659411B9BFB74000B9001 /* Resources */ = {
			isa = PBXResourcesBuildPhase;
			buildActionMask = 2147483647;
			files = (
				94F6594E1B9BFB74000B9001 /* Main.storyboard in Resources */,
				94F659531B9BFB74000B9001 /* LaunchScreen.xib in Resources */,
				94F659501B9BFB74000B9001 /* Images.xcassets in Resources */,
			);
			runOnlyForDeploymentPostprocessing = 0;
		};
		94F659561B9BFB74000B9001 /* Resources */ = {
			isa = PBXResourcesBuildPhase;
			buildActionMask = 2147483647;
			files = (
			);
			runOnlyForDeploymentPostprocessing = 0;
		};
/* End PBXResourcesBuildPhase section */

/* Begin PBXSourcesBuildPhase section */
		94F6593F1B9BFB74000B9001 /* Sources */ = {
			isa = PBXSourcesBuildPhase;
			buildActionMask = 2147483647;
			files = (
				94F659691B9BFBFA000B9001 /* animationTableViewController.swift in Sources */,
				94F659491B9BFB74000B9001 /* AppDelegate.swift in Sources */,
			);
			runOnlyForDeploymentPostprocessing = 0;
		};
		94F659541B9BFB74000B9001 /* Sources */ = {
			isa = PBXSourcesBuildPhase;
			buildActionMask = 2147483647;
			files = (
				94F6595F1B9BFB74000B9001 /* TableViewAnimationTests.swift in Sources */,
			);
			runOnlyForDeploymentPostprocessing = 0;
		};
/* End PBXSourcesBuildPhase section */

/* Begin PBXTargetDependency section */
		94F6595A1B9BFB74000B9001 /* PBXTargetDependency */ = {
			isa = PBXTargetDependency;
			target = 94F659421B9BFB74000B9001 /* TableViewAnimation */;
			targetProxy = 94F659591B9BFB74000B9001 /* PBXContainerItemProxy */;
		};
/* End PBXTargetDependency section */

/* Begin PBXVariantGroup section */
		94F6594C1B9BFB74000B9001 /* Main.storyboard */ = {
			isa = PBXVariantGroup;
			children = (
				94F6594D1B9BFB74000B9001 /* Base */,
			);
			name = Main.storyboard;
			sourceTree = "<group>";
		};
		94F659511B9BFB74000B9001 /* LaunchScreen.xib */ = {
			isa = PBXVariantGroup;
			children = (
				94F659521B9BFB74000B9001 /* Base */,
			);
			name = LaunchScreen.xib;
			sourceTree = "<group>";
		};
/* End PBXVariantGroup section */

/* Begin XCBuildConfiguration section */
		94F659601B9BFB74000B9001 /* Debug */ = {
			isa = XCBuildConfiguration;
			buildSettings = {
				ALWAYS_SEARCH_USER_PATHS = NO;
				CLANG_CXX_LANGUAGE_STANDARD = "gnu++0x";
				CLANG_CXX_LIBRARY = "libc++";
				CLANG_ENABLE_MODULES = YES;
				CLANG_ENABLE_OBJC_ARC = YES;
				CLANG_WARN_BOOL_CONVERSION = YES;
				CLANG_WARN_CONSTANT_CONVERSION = YES;
				CLANG_WARN_DIRECT_OBJC_ISA_USAGE = YES_ERROR;
				CLANG_WARN_EMPTY_BODY = YES;
				CLANG_WARN_ENUM_CONVERSION = YES;
				CLANG_WARN_INT_CONVERSION = YES;
				CLANG_WARN_OBJC_ROOT_CLASS = YES_ERROR;
				CLANG_WARN_UNREACHABLE_CODE = YES;
				CLANG_WARN__DUPLICATE_METHOD_MATCH = YES;
				"CODE_SIGN_IDENTITY[sdk=iphoneos*]" = "iPhone Developer";
				COPY_PHASE_STRIP = NO;
				DEBUG_INFORMATION_FORMAT = "dwarf-with-dsym";
				ENABLE_STRICT_OBJC_MSGSEND = YES;
				GCC_C_LANGUAGE_STANDARD = gnu99;
				GCC_DYNAMIC_NO_PIC = NO;
				GCC_NO_COMMON_BLOCKS = YES;
				GCC_OPTIMIZATION_LEVEL = 0;
				GCC_PREPROCESSOR_DEFINITIONS = (
					"DEBUG=1",
					"$(inherited)",
				);
				GCC_SYMBOLS_PRIVATE_EXTERN = NO;
				GCC_WARN_64_TO_32_BIT_CONVERSION = YES;
				GCC_WARN_ABOUT_RETURN_TYPE = YES_ERROR;
				GCC_WARN_UNDECLARED_SELECTOR = YES;
				GCC_WARN_UNINITIALIZED_AUTOS = YES_AGGRESSIVE;
				GCC_WARN_UNUSED_FUNCTION = YES;
				GCC_WARN_UNUSED_VARIABLE = YES;
				IPHONEOS_DEPLOYMENT_TARGET = 8.4;
				MTL_ENABLE_DEBUG_INFO = YES;
				ONLY_ACTIVE_ARCH = YES;
				SDKROOT = iphoneos;
				SWIFT_OPTIMIZATION_LEVEL = "-Onone";
			};
			name = Debug;
		};
		94F659611B9BFB74000B9001 /* Release */ = {
			isa = XCBuildConfiguration;
			buildSettings = {
				ALWAYS_SEARCH_USER_PATHS = NO;
				CLANG_CXX_LANGUAGE_STANDARD = "gnu++0x";
				CLANG_CXX_LIBRARY = "libc++";
				CLANG_ENABLE_MODULES = YES;
				CLANG_ENABLE_OBJC_ARC = YES;
				CLANG_WARN_BOOL_CONVERSION = YES;
				CLANG_WARN_CONSTANT_CONVERSION = YES;
				CLANG_WARN_DIRECT_OBJC_ISA_USAGE = YES_ERROR;
				CLANG_WARN_EMPTY_BODY = YES;
				CLANG_WARN_ENUM_CONVERSION = YES;
				CLANG_WARN_INT_CONVERSION = YES;
				CLANG_WARN_OBJC_ROOT_CLASS = YES_ERROR;
				CLANG_WARN_UNREACHABLE_CODE = YES;
				CLANG_WARN__DUPLICATE_METHOD_MATCH = YES;
				"CODE_SIGN_IDENTITY[sdk=iphoneos*]" = "iPhone Developer";
				COPY_PHASE_STRIP = NO;
				DEBUG_INFORMATION_FORMAT = "dwarf-with-dsym";
				ENABLE_NS_ASSERTIONS = NO;
				ENABLE_STRICT_OBJC_MSGSEND = YES;
				GCC_C_LANGUAGE_STANDARD = gnu99;
				GCC_NO_COMMON_BLOCKS = YES;
				GCC_WARN_64_TO_32_BIT_CONVERSION = YES;
				GCC_WARN_ABOUT_RETURN_TYPE = YES_ERROR;
				GCC_WARN_UNDECLARED_SELECTOR = YES;
				GCC_WARN_UNINITIALIZED_AUTOS = YES_AGGRESSIVE;
				GCC_WARN_UNUSED_FUNCTION = YES;
				GCC_WARN_UNUSED_VARIABLE = YES;
				IPHONEOS_DEPLOYMENT_TARGET = 8.4;
				MTL_ENABLE_DEBUG_INFO = NO;
				SDKROOT = iphoneos;
				VALIDATE_PRODUCT = YES;
			};
			name = Release;
		};
		94F659631B9BFB74000B9001 /* Debug */ = {
			isa = XCBuildConfiguration;
			buildSettings = {
				ASSETCATALOG_COMPILER_APPICON_NAME = AppIcon;
				CODE_SIGN_IDENTITY = "iPhone Developer";
				INFOPLIST_FILE = TableViewAnimation/Info.plist;
				IPHONEOS_DEPLOYMENT_TARGET = 8.0;
				LD_RUNPATH_SEARCH_PATHS = "$(inherited) @executable_path/Frameworks";
				PRODUCT_NAME = "$(TARGET_NAME)";
			};
			name = Debug;
		};
		94F659641B9BFB74000B9001 /* Release */ = {
			isa = XCBuildConfiguration;
			buildSettings = {
				ASSETCATALOG_COMPILER_APPICON_NAME = AppIcon;
				CODE_SIGN_IDENTITY = "iPhone Developer";
				INFOPLIST_FILE = TableViewAnimation/Info.plist;
				IPHONEOS_DEPLOYMENT_TARGET = 8.0;
				LD_RUNPATH_SEARCH_PATHS = "$(inherited) @executable_path/Frameworks";
				PRODUCT_NAME = "$(TARGET_NAME)";
			};
			name = Release;
		};
		94F659661B9BFB74000B9001 /* Debug */ = {
			isa = XCBuildConfiguration;
			buildSettings = {
				BUNDLE_LOADER = "$(TEST_HOST)";
				FRAMEWORK_SEARCH_PATHS = (
					"$(SDKROOT)/Developer/Library/Frameworks",
					"$(inherited)",
				);
				GCC_PREPROCESSOR_DEFINITIONS = (
					"DEBUG=1",
					"$(inherited)",
				);
				INFOPLIST_FILE = TableViewAnimationTests/Info.plist;
				LD_RUNPATH_SEARCH_PATHS = "$(inherited) @executable_path/Frameworks @loader_path/Frameworks";
				PRODUCT_NAME = "$(TARGET_NAME)";
				TEST_HOST = "$(BUILT_PRODUCTS_DIR)/TableViewAnimation.app/TableViewAnimation";
			};
			name = Debug;
		};
		94F659671B9BFB74000B9001 /* Release */ = {
			isa = XCBuildConfiguration;
			buildSettings = {
				BUNDLE_LOADER = "$(TEST_HOST)";
				FRAMEWORK_SEARCH_PATHS = (
					"$(SDKROOT)/Developer/Library/Frameworks",
					"$(inherited)",
				);
				INFOPLIST_FILE = TableViewAnimationTests/Info.plist;
				LD_RUNPATH_SEARCH_PATHS = "$(inherited) @executable_path/Frameworks @loader_path/Frameworks";
				PRODUCT_NAME = "$(TARGET_NAME)";
				TEST_HOST = "$(BUILT_PRODUCTS_DIR)/TableViewAnimation.app/TableViewAnimation";
			};
			name = Release;
		};
/* End XCBuildConfiguration section */

/* Begin XCConfigurationList section */
		94F6593E1B9BFB74000B9001 /* Build configuration list for PBXProject "TableViewAnimation" */ = {
			isa = XCConfigurationList;
			buildConfigurations = (
				94F659601B9BFB74000B9001 /* Debug */,
				94F659611B9BFB74000B9001 /* Release */,
			);
			defaultConfigurationIsVisible = 0;
			defaultConfigurationName = Release;
		};
		94F659621B9BFB74000B9001 /* Build configuration list for PBXNativeTarget "TableViewAnimation" */ = {
			isa = XCConfigurationList;
			buildConfigurations = (
				94F659631B9BFB74000B9001 /* Debug */,
				94F659641B9BFB74000B9001 /* Release */,
			);
			defaultConfigurationIsVisible = 0;
		};
		94F659651B9BFB74000B9001 /* Build configuration list for PBXNativeTarget "TableViewAnimationTests" */ = {
			isa = XCConfigurationList;
			buildConfigurations = (
				94F659661B9BFB74000B9001 /* Debug */,
				94F659671B9BFB74000B9001 /* Release */,
			);
			defaultConfigurationIsVisible = 0;
		};
/* End XCConfigurationList section */
	};
	rootObject = 94F6593B1B9BFB74000B9001 /* Project object */;
}
